
Microsoft Visual Studio Solution File, Format Version 12.00
# Visual Studio Version 17
VisualStudioVersion = 17.2.32516.85
MinimumVisualStudioVersion = 10.0.40219.1
Project("{FAE04EC0-301F-11D3-BF4B-00C04F79EFBC}") = "EvaluacionNet", "EvaluacionNet.csproj", "{A8743631-C7C2-4146-A905-371478CF5AAC}"
EndProject
Global
	GlobalSection(SolutionConfigurationPlatforms) = preSolution
		Debug|Any CPU = Debug|Any CPU
		Release|Any CPU = Release|Any CPU
	EndGlobalSection
	GlobalSection(ProjectConfigurationPlatforms) = postSolution
		{A8743631-C7C2-4146-A905-371478CF5AAC}.Debug|Any CPU.ActiveCfg = Debug|Any CPU
		{A8743631-C7C2-4146-A905-371478CF5AAC}.Debug|Any CPU.Build.0 = Debug|Any CPU
		{A8743631-C7C2-4146-A905-371478CF5AAC}.Release|Any CPU.ActiveCfg = Release|Any CPU
		{A8743631-C7C2-4146-A905-371478CF5AAC}.Release|Any CPU.Build.0 = Release|Any CPU
	EndGlobalSection
	GlobalSection(SolutionProperties) = preSolution
		HideSolutionNode = FALSE
	EndGlobalSection
	GlobalSection(ExtensibilityGlobals) = postSolution
		SolutionGuid = {AA6DAB70-7FD8-44EE-B8B9-14630DD33BD5}
	EndGlobalSection
EndGlobal
